
Microsoft Visual Studio Solution File, Format Version 12.00
# Visual Studio Version 17
VisualStudioVersion = 17.6.33723.286
MinimumVisualStudioVersion = 10.0.40219.1
Project("{FAE04EC0-301F-11D3-BF4B-00C04F79EFBC}") = "Server", "Server\Server.csproj", "{D6181F82-9526-4375-9630-890CB9BBB156}"
EndProject
Global
	GlobalSection(SolutionConfigurationPlatforms) = preSolution
		Debug|Any CPU = Debug|Any CPU
		Release|Any CPU = Release|Any CPU
	EndGlobalSection
	GlobalSection(ProjectConfigurationPlatforms) = postSolution
		{D6181F82-9526-4375-9630-890CB9BBB156}.Debug|Any CPU.ActiveCfg = Debug|Any CPU
		{D6181F82-9526-4375-9630-890CB9BBB156}.Debug|Any CPU.Build.0 = Debug|Any CPU
		{D6181F82-9526-4375-9630-890CB9BBB156}.Release|Any CPU.ActiveCfg = Release|Any CPU
		{D6181F82-9526-4375-9630-890CB9BBB156}.Release|Any CPU.Build.0 = Release|Any CPU
	EndGlobalSection
	GlobalSection(SolutionProperties) = preSolution
		HideSolutionNode = FALSE
	EndGlobalSection
	GlobalSection(ExtensibilityGlobals) = postSolution
		SolutionGuid = {70371AEE-D5E6-4CEA-8BC1-AB6C7A5A11D8}
	EndGlobalSection
EndGlobal
