
Microsoft Visual Studio Solution File, Format Version 12.00
# Visual Studio Version 17
VisualStudioVersion = 17.6.33723.286
MinimumVisualStudioVersion = 10.0.40219.1
Project("{FAE04EC0-301F-11D3-BF4B-00C04F79EFBC}") = "Server", "Server\Server.csproj", "{B7DD3B4C-60FD-419D-8283-C3822DE52202}"
EndProject
Global
	GlobalSection(SolutionConfigurationPlatforms) = preSolution
		Debug|Any CPU = Debug|Any CPU
		Release|Any CPU = Release|Any CPU
	EndGlobalSection
	GlobalSection(ProjectConfigurationPlatforms) = postSolution
		{B7DD3B4C-60FD-419D-8283-C3822DE52202}.Debug|Any CPU.ActiveCfg = Debug|Any CPU
		{B7DD3B4C-60FD-419D-8283-C3822DE52202}.Debug|Any CPU.Build.0 = Debug|Any CPU
		{B7DD3B4C-60FD-419D-8283-C3822DE52202}.Release|Any CPU.ActiveCfg = Release|Any CPU
		{B7DD3B4C-60FD-419D-8283-C3822DE52202}.Release|Any CPU.Build.0 = Release|Any CPU
	EndGlobalSection
	GlobalSection(SolutionProperties) = preSolution
		HideSolutionNode = FALSE
	EndGlobalSection
	GlobalSection(ExtensibilityGlobals) = postSolution
		SolutionGuid = {9ECCE64E-C6D8-4F93-A164-5736C668331F}
	EndGlobalSection
EndGlobal
