
Microsoft Visual Studio Solution File, Format Version 12.00
# Visual Studio Version 17
VisualStudioVersion = 17.6.33723.286
MinimumVisualStudioVersion = 10.0.40219.1
Project("{FAE04EC0-301F-11D3-BF4B-00C04F79EFBC}") = "MenuDoAn", "MenuDoAn\MenuDoAn.csproj", "{940CD129-3687-405C-8020-9A9A2873B295}"
EndProject
Global
	GlobalSection(SolutionConfigurationPlatforms) = preSolution
		Debug|Any CPU = Debug|Any CPU
		Release|Any CPU = Release|Any CPU
	EndGlobalSection
	GlobalSection(ProjectConfigurationPlatforms) = postSolution
		{940CD129-3687-405C-8020-9A9A2873B295}.Debug|Any CPU.ActiveCfg = Debug|Any CPU
		{940CD129-3687-405C-8020-9A9A2873B295}.Debug|Any CPU.Build.0 = Debug|Any CPU
		{940CD129-3687-405C-8020-9A9A2873B295}.Release|Any CPU.ActiveCfg = Release|Any CPU
		{940CD129-3687-405C-8020-9A9A2873B295}.Release|Any CPU.Build.0 = Release|Any CPU
	EndGlobalSection
	GlobalSection(SolutionProperties) = preSolution
		HideSolutionNode = FALSE
	EndGlobalSection
	GlobalSection(ExtensibilityGlobals) = postSolution
		SolutionGuid = {2896414A-FEB7-49F8-BC7C-8FAAB8DBFF8B}
	EndGlobalSection
EndGlobal
