
Microsoft Visual Studio Solution File, Format Version 12.00
# Visual Studio Version 17
VisualStudioVersion = 17.6.33723.286
MinimumVisualStudioVersion = 10.0.40219.1
Project("{FAE04EC0-301F-11D3-BF4B-00C04F79EFBC}") = "Server", "Server\Server.csproj", "{B822E06A-9870-49D6-BBA2-CC76EFA1B09F}"
EndProject
Global
	GlobalSection(SolutionConfigurationPlatforms) = preSolution
		Debug|Any CPU = Debug|Any CPU
		Release|Any CPU = Release|Any CPU
	EndGlobalSection
	GlobalSection(ProjectConfigurationPlatforms) = postSolution
		{B822E06A-9870-49D6-BBA2-CC76EFA1B09F}.Debug|Any CPU.ActiveCfg = Debug|Any CPU
		{B822E06A-9870-49D6-BBA2-CC76EFA1B09F}.Debug|Any CPU.Build.0 = Debug|Any CPU
		{B822E06A-9870-49D6-BBA2-CC76EFA1B09F}.Release|Any CPU.ActiveCfg = Release|Any CPU
		{B822E06A-9870-49D6-BBA2-CC76EFA1B09F}.Release|Any CPU.Build.0 = Release|Any CPU
	EndGlobalSection
	GlobalSection(SolutionProperties) = preSolution
		HideSolutionNode = FALSE
	EndGlobalSection
	GlobalSection(ExtensibilityGlobals) = postSolution
		SolutionGuid = {CC57AC97-EB9B-491F-AEB3-B05A02E97E5E}
	EndGlobalSection
EndGlobal
